<?xml version="1.0" encoding="utf-8"?>
<Project ToolsVersion="4.0" xmlns="http://schemas.microsoft.com/developer/msbuild/2003">
  <ItemGroup>
    <Filter Include="Source Files">
      <UniqueIdentifier>{4FC737F1-C7A5-4376-A066-2A32D752A2FF}</UniqueIdentifier>
      <Extensions>cpp;c;cc;cxx;def;odl;idl;hpj;bat;asm;asmx</Extensions>
    </Filter>
    <Filter Include="Header Files">
      <UniqueIdentifier>{93995380-89BD-4b04-88EB-625FBE52EBFB}</UniqueIdentifier>
      <Extensions>h;hh;hpp;hxx;hm;inl;inc;ipp;xsd</Extensions>
    </Filter>
    <Filter Include="Resource Files">
      <UniqueIdentifier>{67DA6AB6-F800-4c08-8B7A-83BB121AAD01}</UniqueIdentifier>
      <Extensions>rc;ico;cur;bmp;dlg;rc2;rct;bin;rgs;gif;jpg;jpeg;jpe;resx;tiff;tif;png;wav;mfcribbon-ms</Extensions>
    </Filter>
    <Filter Include="Header Files\game-states">
      <UniqueIdentifier>{ffc44af6-096e-493d-afc7-00b7225ffef5}</UniqueIdentifier>
    </Filter>
    <Filter Include="Header Files\game-objects">
      <UniqueIdentifier>{9a0495d3-0661-4945-bc57-a67fb3dcd837}</UniqueIdentifier>
    </Filter>
    <Filter Include="Header Files\game-objects\main-character">
      <UniqueIdentifier>{04cabfce-f150-44b5-9cc0-9c109f4661ce}</UniqueIdentifier>
    </Filter>
    <Filter Include="Header Files\game-objects\projectiles">
      <UniqueIdentifier>{0a67b60b-e39c-4a2b-8373-82dac5239b8c}</UniqueIdentifier>
    </Filter>
  </ItemGroup>
  <ItemGroup>
    <ClInclude Include="targetver.h">
      <Filter>Header Files</Filter>
    </ClInclude>
    <ClInclude Include="game-states\MainScene.h">
      <Filter>Header Files\game-states</Filter>
    </ClInclude>
    <ClInclude Include="resource.h">
      <Filter>Header Files</Filter>
    </ClInclude>
    <ClInclude Include="game-objects\main-character\MainCharacter.h">
      <Filter>Header Files\game-objects\main-character</Filter>
    </ClInclude>
    <ClInclude Include="game-objects\main-character\HookGun.h">
      <Filter>Header Files\game-objects\main-character</Filter>
    </ClInclude>
    <ClInclude Include="game-objects\main-character\HookProjectile.h">
      <Filter>Header Files\game-objects\main-character</Filter>
    </ClInclude>
    <ClInclude Include="game-objects\projectiles\Projectile.h">
      <Filter>Header Files\game-objects\projectiles</Filter>
    </ClInclude>
  </ItemGroup>
  <ItemGroup>
    <ClCompile Include="Game.cpp">
      <Filter>Source Files</Filter>
    </ClCompile>
    <ClCompile Include="game-states\MainScene.cpp">
      <Filter>Source Files</Filter>
    </ClCompile>
    <ClCompile Include="game-objects\main-character\MainCharacter.cpp">
      <Filter>Source Files</Filter>
    </ClCompile>
    <ClCompile Include="game-objects\main-character\HookGun.cpp">
      <Filter>Source Files</Filter>
    </ClCompile>
    <ClCompile Include="game-objects\projectiles\Projectile.cpp">
      <Filter>Source Files</Filter>
    </ClCompile>
    <ClCompile Include="game-objects\main-character\HookProjectile.cpp">
      <Filter>Source Files</Filter>
    </ClCompile>
  </ItemGroup>
  <ItemGroup>
    <ResourceCompile Include="Game.rc">
      <Filter>Resource Files</Filter>
    </ResourceCompile>
  </ItemGroup>
</Project>