
Microsoft Visual Studio Solution File, Format Version 12.00
# Visual Studio 15
VisualStudioVersion = 15.0.27703.2047
MinimumVisualStudioVersion = 10.0.40219.1
Project("{8BC9CEB8-8B4A-11D0-8D11-00A0C91BC942}") = "Game", "Game\Game.vcxproj", "{0C35A5DE-E37A-45CA-8775-C23D0471C15D}"
EndProject
Project("{8BC9CEB8-8B4A-11D0-8D11-00A0C91BC942}") = "GameEngine", "GameEngine\GameEngine.vcxproj", "{69606B0C-A62D-4F91-821A-956C59593971}"
EndProject
Global
	GlobalSection(SolutionConfigurationPlatforms) = preSolution
		Debug|x64 = Debug|x64
		Debug|x86 = Debug|x86
		Release|x64 = Release|x64
		Release|x86 = Release|x86
	EndGlobalSection
	GlobalSection(ProjectConfigurationPlatforms) = postSolution
		{0C35A5DE-E37A-45CA-8775-C23D0471C15D}.Debug|x64.ActiveCfg = Debug|x64
		{0C35A5DE-E37A-45CA-8775-C23D0471C15D}.Debug|x64.Build.0 = Debug|x64
		{0C35A5DE-E37A-45CA-8775-C23D0471C15D}.Debug|x86.ActiveCfg = Debug|Win32
		{0C35A5DE-E37A-45CA-8775-C23D0471C15D}.Debug|x86.Build.0 = Debug|Win32
		{0C35A5DE-E37A-45CA-8775-C23D0471C15D}.Release|x64.ActiveCfg = Release|x64
		{0C35A5DE-E37A-45CA-8775-C23D0471C15D}.Release|x64.Build.0 = Release|x64
		{0C35A5DE-E37A-45CA-8775-C23D0471C15D}.Release|x86.ActiveCfg = Release|Win32
		{0C35A5DE-E37A-45CA-8775-C23D0471C15D}.Release|x86.Build.0 = Release|Win32
		{69606B0C-A62D-4F91-821A-956C59593971}.Debug|x64.ActiveCfg = Debug|x64
		{69606B0C-A62D-4F91-821A-956C59593971}.Debug|x64.Build.0 = Debug|x64
		{69606B0C-A62D-4F91-821A-956C59593971}.Debug|x86.ActiveCfg = Debug|Win32
		{69606B0C-A62D-4F91-821A-956C59593971}.Debug|x86.Build.0 = Debug|Win32
		{69606B0C-A62D-4F91-821A-956C59593971}.Release|x64.ActiveCfg = Release|x64
		{69606B0C-A62D-4F91-821A-956C59593971}.Release|x64.Build.0 = Release|x64
		{69606B0C-A62D-4F91-821A-956C59593971}.Release|x86.ActiveCfg = Release|Win32
		{69606B0C-A62D-4F91-821A-956C59593971}.Release|x86.Build.0 = Release|Win32
	EndGlobalSection
	GlobalSection(SolutionProperties) = preSolution
		HideSolutionNode = FALSE
	EndGlobalSection
	GlobalSection(ExtensibilityGlobals) = postSolution
		SolutionGuid = {F5AD514D-5086-4684-9140-39F58EC2E7DF}
	EndGlobalSection
EndGlobal
