<?xml version="1.0" encoding="utf-8"?>
<Project ToolsVersion="4.0" xmlns="http://schemas.microsoft.com/developer/msbuild/2003">
  <ItemGroup>
    <Filter Include="Source Files">
      <UniqueIdentifier>{4FC737F1-C7A5-4376-A066-2A32D752A2FF}</UniqueIdentifier>
      <Extensions>cpp;c;cc;cxx;def;odl;idl;hpj;bat;asm;asmx</Extensions>
    </Filter>
    <Filter Include="Header Files">
      <UniqueIdentifier>{93995380-89BD-4b04-88EB-625FBE52EBFB}</UniqueIdentifier>
      <Extensions>h;hh;hpp;hxx;hm;inl;inc;xsd</Extensions>
    </Filter>
    <Filter Include="Resource Files">
      <UniqueIdentifier>{67DA6AB6-F800-4c08-8B7A-83BB121AAD01}</UniqueIdentifier>
      <Extensions>rc;ico;cur;bmp;dlg;rc2;rct;bin;rgs;gif;jpg;jpeg;jpe;resx;tiff;tif;png;wav;mfcribbon-ms</Extensions>
    </Filter>
    <Filter Include="Header Files\core">
      <UniqueIdentifier>{3965cde7-0437-4cad-8dea-eaf4f326cfa5}</UniqueIdentifier>
    </Filter>
    <Filter Include="Header Files\utility">
      <UniqueIdentifier>{279253dd-b1c6-45de-afb9-bb1a13552b9f}</UniqueIdentifier>
    </Filter>
    <Filter Include="Header Files\debug">
      <UniqueIdentifier>{2116d8df-02c7-47bb-b20c-a7427439845a}</UniqueIdentifier>
    </Filter>
    <Filter Include="Header Files\animation">
      <UniqueIdentifier>{43374974-6e9e-4545-acc2-f566fe89c460}</UniqueIdentifier>
    </Filter>
    <Filter Include="Header Files\physics">
      <UniqueIdentifier>{4f7f5273-c660-401c-b64a-bd05da54e2c3}</UniqueIdentifier>
    </Filter>
    <Filter Include="Header Files\input">
      <UniqueIdentifier>{7ac8dc82-1ca3-4ca2-8251-0db96423da7d}</UniqueIdentifier>
    </Filter>
    <Filter Include="Header Files\settings">
      <UniqueIdentifier>{2d7d70ff-d257-4103-b618-ee8407f1e2fb}</UniqueIdentifier>
    </Filter>
    <Filter Include="Header Files\game_objects">
      <UniqueIdentifier>{ce92be15-90c5-4911-af09-f940cc0163a0}</UniqueIdentifier>
    </Filter>
    <Filter Include="Header Files\resource_management">
      <UniqueIdentifier>{ec8a3cf3-0970-4593-b21e-4159c3be8de8}</UniqueIdentifier>
    </Filter>
    <Filter Include="Header Files\config_manager">
      <UniqueIdentifier>{c487a547-fddd-46ae-a50d-3bf5c0c2f976}</UniqueIdentifier>
    </Filter>
    <Filter Include="Header Files\rendering">
      <UniqueIdentifier>{c85f7efa-4d02-4172-b187-7a0625e3c056}</UniqueIdentifier>
    </Filter>
  </ItemGroup>
  <ItemGroup>
    <ClInclude Include="stdafx.h">
      <Filter>Header Files</Filter>
    </ClInclude>
    <ClInclude Include="targetver.h">
      <Filter>Header Files</Filter>
    </ClInclude>
    <ClInclude Include="animation\Animation.h">
      <Filter>Header Files\animation</Filter>
    </ClInclude>
    <ClInclude Include="animation\AnimationController.h">
      <Filter>Header Files\animation</Filter>
    </ClInclude>
    <ClInclude Include="animation\AnimationObserver.h">
      <Filter>Header Files\animation</Filter>
    </ClInclude>
    <ClInclude Include="config_manager\ConfigManager.h">
      <Filter>Header Files\config_manager</Filter>
    </ClInclude>
    <ClInclude Include="core\Application.h">
      <Filter>Header Files\core</Filter>
    </ClInclude>
    <ClInclude Include="core\Display.h">
      <Filter>Header Files\core</Filter>
    </ClInclude>
    <ClInclude Include="debug\Debug.h">
      <Filter>Header Files\debug</Filter>
    </ClInclude>
    <ClInclude Include="game_objects\GameObject.h">
      <Filter>Header Files\game_objects</Filter>
    </ClInclude>
    <ClInclude Include="game_objects\GameState.h">
      <Filter>Header Files\game_objects</Filter>
    </ClInclude>
    <ClInclude Include="game_objects\GameStateManager.h">
      <Filter>Header Files\game_objects</Filter>
    </ClInclude>
    <ClInclude Include="game_objects\ITransformable.h">
      <Filter>Header Files\game_objects</Filter>
    </ClInclude>
    <ClInclude Include="game_objects\ParticleSystem.h">
      <Filter>Header Files\game_objects</Filter>
    </ClInclude>
    <ClInclude Include="input\Input.h">
      <Filter>Header Files\input</Filter>
    </ClInclude>
    <ClInclude Include="input\KeyCode.h">
      <Filter>Header Files\input</Filter>
    </ClInclude>
    <ClInclude Include="physics\Collider.h">
      <Filter>Header Files\physics</Filter>
    </ClInclude>
    <ClInclude Include="physics\PhysicsEngine.h">
      <Filter>Header Files\physics</Filter>
    </ClInclude>
    <ClInclude Include="physics\PhysicsLayers.h">
      <Filter>Header Files\physics</Filter>
    </ClInclude>
    <ClInclude Include="physics\RigidBody.h">
      <Filter>Header Files\physics</Filter>
    </ClInclude>
    <ClInclude Include="rendering\Camera.h">
      <Filter>Header Files\rendering</Filter>
    </ClInclude>
    <ClInclude Include="rendering\Rendering.h">
      <Filter>Header Files\rendering</Filter>
    </ClInclude>
    <ClInclude Include="resource_management\ResourceManager.h">
      <Filter>Header Files\resource_management</Filter>
    </ClInclude>
    <ClInclude Include="settings\GameSettings.h">
      <Filter>Header Files\settings</Filter>
    </ClInclude>
    <ClInclude Include="utility\FloatOperations.h">
      <Filter>Header Files\utility</Filter>
    </ClInclude>
    <ClInclude Include="utility\Functions.h">
      <Filter>Header Files\utility</Filter>
    </ClInclude>
    <ClInclude Include="utility\json.h">
      <Filter>Header Files\utility</Filter>
    </ClInclude>
    <ClInclude Include="utility\Util.h">
      <Filter>Header Files\utility</Filter>
    </ClInclude>
    <ClInclude Include="utility\VectorOperations.h">
      <Filter>Header Files\utility</Filter>
    </ClInclude>
    <ClInclude Include="game_objects\Scene.h">
      <Filter>Header Files\game_objects</Filter>
    </ClInclude>
    <ClInclude Include="game_objects\Map.h">
      <Filter>Header Files\game_objects</Filter>
    </ClInclude>
  </ItemGroup>
  <ItemGroup>
    <ClCompile Include="animation\Animation.cpp">
      <Filter>Source Files</Filter>
    </ClCompile>
    <ClCompile Include="animation\AnimationController.cpp">
      <Filter>Source Files</Filter>
    </ClCompile>
    <ClCompile Include="config_manager\ConfigManager.cpp">
      <Filter>Source Files</Filter>
    </ClCompile>
    <ClCompile Include="core\Application.cpp">
      <Filter>Source Files</Filter>
    </ClCompile>
    <ClCompile Include="core\Display.cpp">
      <Filter>Source Files</Filter>
    </ClCompile>
    <ClCompile Include="game_objects\GameObject.cpp">
      <Filter>Source Files</Filter>
    </ClCompile>
    <ClCompile Include="game_objects\GameStateManager.cpp">
      <Filter>Source Files</Filter>
    </ClCompile>
    <ClCompile Include="game_objects\ITransformable.cpp">
      <Filter>Source Files</Filter>
    </ClCompile>
    <ClCompile Include="game_objects\ParticleSystem.cpp">
      <Filter>Source Files</Filter>
    </ClCompile>
    <ClCompile Include="input\Input.cpp">
      <Filter>Source Files</Filter>
    </ClCompile>
    <ClCompile Include="physics\Collider.cpp">
      <Filter>Source Files</Filter>
    </ClCompile>
    <ClCompile Include="physics\PhysicsEngine.cpp">
      <Filter>Source Files</Filter>
    </ClCompile>
    <ClCompile Include="physics\PhysicsLayers.cpp">
      <Filter>Source Files</Filter>
    </ClCompile>
    <ClCompile Include="physics\RigidBody.cpp">
      <Filter>Source Files</Filter>
    </ClCompile>
    <ClCompile Include="rendering\Camera.cpp">
      <Filter>Source Files</Filter>
    </ClCompile>
    <ClCompile Include="rendering\Rendering.cpp">
      <Filter>Source Files</Filter>
    </ClCompile>
    <ClCompile Include="resource_management\ResourceManager.cpp">
      <Filter>Source Files</Filter>
    </ClCompile>
    <ClCompile Include="utility\Functions.cpp">
      <Filter>Source Files</Filter>
    </ClCompile>
    <ClCompile Include="game_objects\Scene.cpp">
      <Filter>Source Files</Filter>
    </ClCompile>
    <ClCompile Include="game_objects\Map.cpp">
      <Filter>Source Files</Filter>
    </ClCompile>
  </ItemGroup>
</Project>